
Microsoft Visual Studio Solution File, Format Version 12.00
# Visual Studio Version 17
VisualStudioVersion = 17.4.33205.214
MinimumVisualStudioVersion = 10.0.40219.1
Project("{FAE04EC0-301F-11D3-BF4B-00C04F79EFBC}") = "Asp.WebApi", "Asp.WebApi\Asp.WebApi.csproj", "{BA6E5017-4551-41FB-AD87-11FF3F6345D2}"
EndProject
Global
	GlobalSection(SolutionConfigurationPlatforms) = preSolution
		Debug|Any CPU = Debug|Any CPU
		Release|Any CPU = Release|Any CPU
	EndGlobalSection
	GlobalSection(ProjectConfigurationPlatforms) = postSolution
		{BA6E5017-4551-41FB-AD87-11FF3F6345D2}.Debug|Any CPU.ActiveCfg = Debug|Any CPU
		{BA6E5017-4551-41FB-AD87-11FF3F6345D2}.Debug|Any CPU.Build.0 = Debug|Any CPU
		{BA6E5017-4551-41FB-AD87-11FF3F6345D2}.Release|Any CPU.ActiveCfg = Release|Any CPU
		{BA6E5017-4551-41FB-AD87-11FF3F6345D2}.Release|Any CPU.Build.0 = Release|Any CPU
	EndGlobalSection
	GlobalSection(SolutionProperties) = preSolution
		HideSolutionNode = FALSE
	EndGlobalSection
	GlobalSection(ExtensibilityGlobals) = postSolution
		SolutionGuid = {FEE5F5AD-DE4E-4A22-890A-53794D3DEEDD}
	EndGlobalSection
EndGlobal
